
Microsoft Visual Studio Solution File, Format Version 12.00
# Visual Studio Version 16
VisualStudioVersion = 16.0.30717.126
MinimumVisualStudioVersion = 10.0.40219.1
Project("{FAE04EC0-301F-11D3-BF4B-00C04F79EFBC}") = "SQLtestWinForm1", "SQLtestWinForm1\SQLtestWinForm1.csproj", "{89471351-2D5C-4623-926F-A37484D6B332}"
EndProject
Global
	GlobalSection(SolutionConfigurationPlatforms) = preSolution
		Debug|Any CPU = Debug|Any CPU
		Release|Any CPU = Release|Any CPU
	EndGlobalSection
	GlobalSection(ProjectConfigurationPlatforms) = postSolution
		{89471351-2D5C-4623-926F-A37484D6B332}.Debug|Any CPU.ActiveCfg = Debug|Any CPU
		{89471351-2D5C-4623-926F-A37484D6B332}.Debug|Any CPU.Build.0 = Debug|Any CPU
		{89471351-2D5C-4623-926F-A37484D6B332}.Release|Any CPU.ActiveCfg = Release|Any CPU
		{89471351-2D5C-4623-926F-A37484D6B332}.Release|Any CPU.Build.0 = Release|Any CPU
	EndGlobalSection
	GlobalSection(SolutionProperties) = preSolution
		HideSolutionNode = FALSE
	EndGlobalSection
	GlobalSection(ExtensibilityGlobals) = postSolution
		SolutionGuid = {7774228A-AA2C-47DC-BC81-C5B05461223B}
	EndGlobalSection
EndGlobal
